# This is a Gradle generated file for dependency locking.
# Manual edits can break the build and are not advised.
# This file is expected to be part of source control.
# To regenerate this file, run: ./gradlew :desktop:dependencies --write-locks
com.badlogicgames.gdx:gdx-backend-lwjgl3:1.14.2=compileClasspath,runtimeClasspath,testCompileClasspath,testRuntimeClasspath
com.badlogicgames.gdx:gdx-jnigen-loader:2.5.2=compileClasspath,runtimeClasspath,testCompileClasspath,testRuntimeClasspath
com.badlogicgames.gdx:gdx-platform:1.14.2=runtimeClasspath,testRuntimeClasspath
com.badlogicgames.gdx:gdx:1.14.2=compileClasspath,runtimeClasspath,testCompileClasspath,testRuntimeClasspath
com.badlogicgames.jlayer:jlayer:1.0.1-gdx=compileClasspath,runtimeClasspath,testCompileClasspath,testRuntimeClasspath
com.fasterxml.jackson.core:jackson-annotations:2.22=runtimeClasspath,testRuntimeClasspath
com.fasterxml.jackson.core:jackson-core:2.22.1=runtimeClasspath,testRuntimeClasspath
com.fasterxml.jackson.core:jackson-databind:2.22.1=runtimeClasspath,testRuntimeClasspath
com.fasterxml.jackson:jackson-bom:2.22.1=runtimeClasspath,testRuntimeClasspath
org.jcraft:jorbis:0.0.17=compileClasspath,runtimeClasspath,testCompileClasspath,testRuntimeClasspath
org.lwjgl:lwjgl-glfw:3.3.3=compileClasspath,runtimeClasspath,testCompileClasspath,testRuntimeClasspath
org.lwjgl:lwjgl-jemalloc:3.3.3=compileClasspath,runtimeClasspath,testCompileClasspath,testRuntimeClasspath
org.lwjgl:lwjgl-openal:3.3.3=compileClasspath,runtimeClasspath,testCompileClasspath,testRuntimeClasspath
org.lwjgl:lwjgl-opengl:3.3.3=compileClasspath,runtimeClasspath,testCompileClasspath,testRuntimeClasspath
org.lwjgl:lwjgl-stb:3.3.3=compileClasspath,runtimeClasspath,testCompileClasspath,testRuntimeClasspath
org.lwjgl:lwjgl:3.3.3=compileClasspath,runtimeClasspath,testCompileClasspath,testRuntimeClasspath
empty=annotationProcessor,testAnnotationProcessor
